
Microsoft Visual Studio Solution File, Format Version 12.00
# Visual Studio Version 17
VisualStudioVersion = 17.0.31903.59
MinimumVisualStudioVersion = 10.0.40219.1
Project("{FAE04EC0-301F-11D3-BF4B-00C04F79EFBC}") = "API", "API\API.csproj", "{0D520EF7-DEB3-4672-99B3-61ADCFED0AFC}"
EndProject
Project("{FAE04EC0-301F-11D3-BF4B-00C04F79EFBC}") = "Application", "Application\Application.csproj", "{88A456FF-47EC-40EE-B531-E1E1B4FD7E47}"
EndProject
Project("{FAE04EC0-301F-11D3-BF4B-00C04F79EFBC}") = "Domain", "Domain\Domain.csproj", "{9590A3B0-5C3C-4CFE-99B2-36813238FBB5}"
EndProject
Project("{FAE04EC0-301F-11D3-BF4B-00C04F79EFBC}") = "Persistence", "Persistence\Persistence.csproj", "{95F0ADB0-8255-439B-9068-0DEBE7A72BFF}"
EndProject
Project("{FAE04EC0-301F-11D3-BF4B-00C04F79EFBC}") = "Infrastructure", "Infrastructure\Infrastructure.csproj", "{CB640F4F-E7CE-4547-914E-D56B084E62D9}"
EndProject
Global
	GlobalSection(SolutionConfigurationPlatforms) = preSolution
		Debug|Any CPU = Debug|Any CPU
		Release|Any CPU = Release|Any CPU
	EndGlobalSection
	GlobalSection(SolutionProperties) = preSolution
		HideSolutionNode = FALSE
	EndGlobalSection
	GlobalSection(ProjectConfigurationPlatforms) = postSolution
		{0D520EF7-DEB3-4672-99B3-61ADCFED0AFC}.Debug|Any CPU.ActiveCfg = Debug|Any CPU
		{0D520EF7-DEB3-4672-99B3-61ADCFED0AFC}.Debug|Any CPU.Build.0 = Debug|Any CPU
		{0D520EF7-DEB3-4672-99B3-61ADCFED0AFC}.Release|Any CPU.ActiveCfg = Release|Any CPU
		{0D520EF7-DEB3-4672-99B3-61ADCFED0AFC}.Release|Any CPU.Build.0 = Release|Any CPU
		{88A456FF-47EC-40EE-B531-E1E1B4FD7E47}.Debug|Any CPU.ActiveCfg = Debug|Any CPU
		{88A456FF-47EC-40EE-B531-E1E1B4FD7E47}.Debug|Any CPU.Build.0 = Debug|Any CPU
		{88A456FF-47EC-40EE-B531-E1E1B4FD7E47}.Release|Any CPU.ActiveCfg = Release|Any CPU
		{88A456FF-47EC-40EE-B531-E1E1B4FD7E47}.Release|Any CPU.Build.0 = Release|Any CPU
		{9590A3B0-5C3C-4CFE-99B2-36813238FBB5}.Debug|Any CPU.ActiveCfg = Debug|Any CPU
		{9590A3B0-5C3C-4CFE-99B2-36813238FBB5}.Debug|Any CPU.Build.0 = Debug|Any CPU
		{9590A3B0-5C3C-4CFE-99B2-36813238FBB5}.Release|Any CPU.ActiveCfg = Release|Any CPU
		{9590A3B0-5C3C-4CFE-99B2-36813238FBB5}.Release|Any CPU.Build.0 = Release|Any CPU
		{95F0ADB0-8255-439B-9068-0DEBE7A72BFF}.Debug|Any CPU.ActiveCfg = Debug|Any CPU
		{95F0ADB0-8255-439B-9068-0DEBE7A72BFF}.Debug|Any CPU.Build.0 = Debug|Any CPU
		{95F0ADB0-8255-439B-9068-0DEBE7A72BFF}.Release|Any CPU.ActiveCfg = Release|Any CPU
		{95F0ADB0-8255-439B-9068-0DEBE7A72BFF}.Release|Any CPU.Build.0 = Release|Any CPU
		{CB640F4F-E7CE-4547-914E-D56B084E62D9}.Debug|Any CPU.ActiveCfg = Debug|Any CPU
		{CB640F4F-E7CE-4547-914E-D56B084E62D9}.Debug|Any CPU.Build.0 = Debug|Any CPU
		{CB640F4F-E7CE-4547-914E-D56B084E62D9}.Release|Any CPU.ActiveCfg = Release|Any CPU
		{CB640F4F-E7CE-4547-914E-D56B084E62D9}.Release|Any CPU.Build.0 = Release|Any CPU
	EndGlobalSection
EndGlobal
